
Microsoft Visual Studio Solution File, Format Version 12.00
# Visual Studio Version 17
VisualStudioVersion = 17.5.33516.290
MinimumVisualStudioVersion = 10.0.40219.1
Project("{FAE04EC0-301F-11D3-BF4B-00C04F79EFBC}") = "Practice_Four", "Practice_Four.csproj", "{D59B0F8F-FC34-490E-B73C-11CAA1B990D3}"
EndProject
Global
	GlobalSection(SolutionConfigurationPlatforms) = preSolution
		Debug|Any CPU = Debug|Any CPU
		Release|Any CPU = Release|Any CPU
	EndGlobalSection
	GlobalSection(ProjectConfigurationPlatforms) = postSolution
		{D59B0F8F-FC34-490E-B73C-11CAA1B990D3}.Debug|Any CPU.ActiveCfg = Debug|Any CPU
		{D59B0F8F-FC34-490E-B73C-11CAA1B990D3}.Debug|Any CPU.Build.0 = Debug|Any CPU
		{D59B0F8F-FC34-490E-B73C-11CAA1B990D3}.Release|Any CPU.ActiveCfg = Release|Any CPU
		{D59B0F8F-FC34-490E-B73C-11CAA1B990D3}.Release|Any CPU.Build.0 = Release|Any CPU
	EndGlobalSection
	GlobalSection(SolutionProperties) = preSolution
		HideSolutionNode = FALSE
	EndGlobalSection
	GlobalSection(ExtensibilityGlobals) = postSolution
		SolutionGuid = {C4B27ADC-47CD-421A-9556-9B34B2D5B0F8}
	EndGlobalSection
EndGlobal
