
Microsoft Visual Studio Solution File, Format Version 12.00
# Visual Studio Version 17
VisualStudioVersion = 17.5.33516.290
MinimumVisualStudioVersion = 10.0.40219.1
Project("{FAE04EC0-301F-11D3-BF4B-00C04F79EFBC}") = "Hooomans", "Hooomans.csproj", "{32439FF4-77C3-45E7-8AB3-9BA7A6430770}"
EndProject
Global
	GlobalSection(SolutionConfigurationPlatforms) = preSolution
		Debug|Any CPU = Debug|Any CPU
		Release|Any CPU = Release|Any CPU
	EndGlobalSection
	GlobalSection(ProjectConfigurationPlatforms) = postSolution
		{32439FF4-77C3-45E7-8AB3-9BA7A6430770}.Debug|Any CPU.ActiveCfg = Debug|Any CPU
		{32439FF4-77C3-45E7-8AB3-9BA7A6430770}.Debug|Any CPU.Build.0 = Debug|Any CPU
		{32439FF4-77C3-45E7-8AB3-9BA7A6430770}.Release|Any CPU.ActiveCfg = Release|Any CPU
		{32439FF4-77C3-45E7-8AB3-9BA7A6430770}.Release|Any CPU.Build.0 = Release|Any CPU
	EndGlobalSection
	GlobalSection(SolutionProperties) = preSolution
		HideSolutionNode = FALSE
	EndGlobalSection
	GlobalSection(ExtensibilityGlobals) = postSolution
		SolutionGuid = {42F54407-80EA-423D-BF16-3D7739A2ACD6}
	EndGlobalSection
EndGlobal
