
Microsoft Visual Studio Solution File, Format Version 12.00
# Visual Studio Version 17
VisualStudioVersion = 17.5.33516.290
MinimumVisualStudioVersion = 10.0.40219.1
Project("{FAE04EC0-301F-11D3-BF4B-00C04F79EFBC}") = "SchoolSystem", "SchoolSystem.csproj", "{A2A7269C-8D14-4358-9961-D293C9D3EEE3}"
EndProject
Global
	GlobalSection(SolutionConfigurationPlatforms) = preSolution
		Debug|Any CPU = Debug|Any CPU
		Release|Any CPU = Release|Any CPU
	EndGlobalSection
	GlobalSection(ProjectConfigurationPlatforms) = postSolution
		{A2A7269C-8D14-4358-9961-D293C9D3EEE3}.Debug|Any CPU.ActiveCfg = Debug|Any CPU
		{A2A7269C-8D14-4358-9961-D293C9D3EEE3}.Debug|Any CPU.Build.0 = Debug|Any CPU
		{A2A7269C-8D14-4358-9961-D293C9D3EEE3}.Release|Any CPU.ActiveCfg = Release|Any CPU
		{A2A7269C-8D14-4358-9961-D293C9D3EEE3}.Release|Any CPU.Build.0 = Release|Any CPU
	EndGlobalSection
	GlobalSection(SolutionProperties) = preSolution
		HideSolutionNode = FALSE
	EndGlobalSection
	GlobalSection(ExtensibilityGlobals) = postSolution
		SolutionGuid = {64A2A599-B5F3-4693-8820-B7A670C5C3CD}
	EndGlobalSection
EndGlobal
