
Microsoft Visual Studio Solution File, Format Version 12.00
# Visual Studio Version 17
VisualStudioVersion = 17.5.33516.290
MinimumVisualStudioVersion = 10.0.40219.1
Project("{FAE04EC0-301F-11D3-BF4B-00C04F79EFBC}") = "Homework", "Homework.csproj", "{E631F88E-1C32-4336-B430-C49625FE335C}"
EndProject
Global
	GlobalSection(SolutionConfigurationPlatforms) = preSolution
		Debug|Any CPU = Debug|Any CPU
		Release|Any CPU = Release|Any CPU
	EndGlobalSection
	GlobalSection(ProjectConfigurationPlatforms) = postSolution
		{E631F88E-1C32-4336-B430-C49625FE335C}.Debug|Any CPU.ActiveCfg = Debug|Any CPU
		{E631F88E-1C32-4336-B430-C49625FE335C}.Debug|Any CPU.Build.0 = Debug|Any CPU
		{E631F88E-1C32-4336-B430-C49625FE335C}.Release|Any CPU.ActiveCfg = Release|Any CPU
		{E631F88E-1C32-4336-B430-C49625FE335C}.Release|Any CPU.Build.0 = Release|Any CPU
	EndGlobalSection
	GlobalSection(SolutionProperties) = preSolution
		HideSolutionNode = FALSE
	EndGlobalSection
	GlobalSection(ExtensibilityGlobals) = postSolution
		SolutionGuid = {98C05943-6803-48C8-BBDC-82F0D2CB565E}
	EndGlobalSection
EndGlobal
