
Microsoft Visual Studio Solution File, Format Version 12.00
# Visual Studio Version 17
VisualStudioVersion = 17.6.33723.286
MinimumVisualStudioVersion = 10.0.40219.1
Project("{FAE04EC0-301F-11D3-BF4B-00C04F79EFBC}") = "Practice 3", "Practice 3.csproj", "{F83B4BE6-6D91-4BB8-A910-6E7DD94BA311}"
EndProject
Global
	GlobalSection(SolutionConfigurationPlatforms) = preSolution
		Debug|Any CPU = Debug|Any CPU
		Release|Any CPU = Release|Any CPU
	EndGlobalSection
	GlobalSection(ProjectConfigurationPlatforms) = postSolution
		{F83B4BE6-6D91-4BB8-A910-6E7DD94BA311}.Debug|Any CPU.ActiveCfg = Debug|Any CPU
		{F83B4BE6-6D91-4BB8-A910-6E7DD94BA311}.Debug|Any CPU.Build.0 = Debug|Any CPU
		{F83B4BE6-6D91-4BB8-A910-6E7DD94BA311}.Release|Any CPU.ActiveCfg = Release|Any CPU
		{F83B4BE6-6D91-4BB8-A910-6E7DD94BA311}.Release|Any CPU.Build.0 = Release|Any CPU
	EndGlobalSection
	GlobalSection(SolutionProperties) = preSolution
		HideSolutionNode = FALSE
	EndGlobalSection
	GlobalSection(ExtensibilityGlobals) = postSolution
		SolutionGuid = {6C40012C-E257-4CBF-ABC3-BE57E2357BA6}
	EndGlobalSection
EndGlobal
