
Microsoft Visual Studio Solution File, Format Version 12.00
# Visual Studio Version 17
VisualStudioVersion = 17.5.33516.290
MinimumVisualStudioVersion = 10.0.40219.1
Project("{FAE04EC0-301F-11D3-BF4B-00C04F79EFBC}") = "Variables", "Variables.csproj", "{7B03C162-4630-4A3B-8DA3-69542782AD83}"
EndProject
Global
	GlobalSection(SolutionConfigurationPlatforms) = preSolution
		Debug|Any CPU = Debug|Any CPU
		Release|Any CPU = Release|Any CPU
	EndGlobalSection
	GlobalSection(ProjectConfigurationPlatforms) = postSolution
		{7B03C162-4630-4A3B-8DA3-69542782AD83}.Debug|Any CPU.ActiveCfg = Debug|Any CPU
		{7B03C162-4630-4A3B-8DA3-69542782AD83}.Debug|Any CPU.Build.0 = Debug|Any CPU
		{7B03C162-4630-4A3B-8DA3-69542782AD83}.Release|Any CPU.ActiveCfg = Release|Any CPU
		{7B03C162-4630-4A3B-8DA3-69542782AD83}.Release|Any CPU.Build.0 = Release|Any CPU
	EndGlobalSection
	GlobalSection(SolutionProperties) = preSolution
		HideSolutionNode = FALSE
	EndGlobalSection
	GlobalSection(ExtensibilityGlobals) = postSolution
		SolutionGuid = {CC61407C-5D03-4641-8ABE-FF206E22E34B}
	EndGlobalSection
EndGlobal
