
Microsoft Visual Studio Solution File, Format Version 12.00
# Visual Studio Version 17
VisualStudioVersion = 17.5.33516.290
MinimumVisualStudioVersion = 10.0.40219.1
Project("{FAE04EC0-301F-11D3-BF4B-00C04F79EFBC}") = "AnimalKingdom", "AnimalKingdom.csproj", "{AA78EC7F-F978-4A10-986E-FEABB3314D27}"
EndProject
Global
	GlobalSection(SolutionConfigurationPlatforms) = preSolution
		Debug|Any CPU = Debug|Any CPU
		Release|Any CPU = Release|Any CPU
	EndGlobalSection
	GlobalSection(ProjectConfigurationPlatforms) = postSolution
		{AA78EC7F-F978-4A10-986E-FEABB3314D27}.Debug|Any CPU.ActiveCfg = Debug|Any CPU
		{AA78EC7F-F978-4A10-986E-FEABB3314D27}.Debug|Any CPU.Build.0 = Debug|Any CPU
		{AA78EC7F-F978-4A10-986E-FEABB3314D27}.Release|Any CPU.ActiveCfg = Release|Any CPU
		{AA78EC7F-F978-4A10-986E-FEABB3314D27}.Release|Any CPU.Build.0 = Release|Any CPU
	EndGlobalSection
	GlobalSection(SolutionProperties) = preSolution
		HideSolutionNode = FALSE
	EndGlobalSection
	GlobalSection(ExtensibilityGlobals) = postSolution
		SolutionGuid = {C52D9515-426E-489A-B1AA-3B93E1A98996}
	EndGlobalSection
EndGlobal
