
Microsoft Visual Studio Solution File, Format Version 12.00
# Visual Studio Version 17
VisualStudioVersion = 17.6.33723.286
MinimumVisualStudioVersion = 10.0.40219.1
Project("{FAE04EC0-301F-11D3-BF4B-00C04F79EFBC}") = "FirstHomework", "FirstHomework.csproj", "{18F9BC41-9A2F-4D7A-8092-991C6914AE63}"
EndProject
Global
	GlobalSection(SolutionConfigurationPlatforms) = preSolution
		Debug|Any CPU = Debug|Any CPU
		Release|Any CPU = Release|Any CPU
	EndGlobalSection
	GlobalSection(ProjectConfigurationPlatforms) = postSolution
		{18F9BC41-9A2F-4D7A-8092-991C6914AE63}.Debug|Any CPU.ActiveCfg = Debug|Any CPU
		{18F9BC41-9A2F-4D7A-8092-991C6914AE63}.Debug|Any CPU.Build.0 = Debug|Any CPU
		{18F9BC41-9A2F-4D7A-8092-991C6914AE63}.Release|Any CPU.ActiveCfg = Release|Any CPU
		{18F9BC41-9A2F-4D7A-8092-991C6914AE63}.Release|Any CPU.Build.0 = Release|Any CPU
	EndGlobalSection
	GlobalSection(SolutionProperties) = preSolution
		HideSolutionNode = FALSE
	EndGlobalSection
	GlobalSection(ExtensibilityGlobals) = postSolution
		SolutionGuid = {F8C9DB0F-6C3B-44EC-9353-708A48782C91}
	EndGlobalSection
EndGlobal
