
Microsoft Visual Studio Solution File, Format Version 12.00
# Visual Studio Version 17
VisualStudioVersion = 17.6.33723.286
MinimumVisualStudioVersion = 10.0.40219.1
Project("{FAE04EC0-301F-11D3-BF4B-00C04F79EFBC}") = "Register And Login", "Register And Login.csproj", "{E502F81F-109A-4667-8ED9-B7A1B501FD38}"
EndProject
Global
	GlobalSection(SolutionConfigurationPlatforms) = preSolution
		Debug|Any CPU = Debug|Any CPU
		Release|Any CPU = Release|Any CPU
	EndGlobalSection
	GlobalSection(ProjectConfigurationPlatforms) = postSolution
		{E502F81F-109A-4667-8ED9-B7A1B501FD38}.Debug|Any CPU.ActiveCfg = Debug|Any CPU
		{E502F81F-109A-4667-8ED9-B7A1B501FD38}.Debug|Any CPU.Build.0 = Debug|Any CPU
		{E502F81F-109A-4667-8ED9-B7A1B501FD38}.Release|Any CPU.ActiveCfg = Release|Any CPU
		{E502F81F-109A-4667-8ED9-B7A1B501FD38}.Release|Any CPU.Build.0 = Release|Any CPU
	EndGlobalSection
	GlobalSection(SolutionProperties) = preSolution
		HideSolutionNode = FALSE
	EndGlobalSection
	GlobalSection(ExtensibilityGlobals) = postSolution
		SolutionGuid = {7FF48E38-8178-45DA-AB44-BB0A4E48BD05}
	EndGlobalSection
EndGlobal
